
Microsoft Visual Studio Solution File, Format Version 12.00
# Visual Studio Version 17
VisualStudioVersion = 17.1.32328.378
MinimumVisualStudioVersion = 10.0.40219.1
Project("{9A19103F-16F7-4668-BE54-9A1E7A4F7556}") = "Sample.Api", "Sample.Api.csproj", "{5EF37825-675E-4F02-A26A-A5F820D3ACDD}"
EndProject
Project("{9A19103F-16F7-4668-BE54-9A1E7A4F7556}") = "Dao", "..\..\Library\Dao\Dao.csproj", "{6CFE64A3-C640-4FE4-8D14-DF90A53161F5}"
EndProject
Project("{9A19103F-16F7-4668-BE54-9A1E7A4F7556}") = "Auth", "..\..\Library\Auth\Auth.csproj", "{C6E3A3A6-E466-42D8-ACC8-C8DC693B498D}"
EndProject
Global
	GlobalSection(SolutionConfigurationPlatforms) = preSolution
		Debug|Any CPU = Debug|Any CPU
		Release|Any CPU = Release|Any CPU
	EndGlobalSection
	GlobalSection(ProjectConfigurationPlatforms) = postSolution
		{5EF37825-675E-4F02-A26A-A5F820D3ACDD}.Debug|Any CPU.ActiveCfg = Debug|Any CPU
		{5EF37825-675E-4F02-A26A-A5F820D3ACDD}.Debug|Any CPU.Build.0 = Debug|Any CPU
		{5EF37825-675E-4F02-A26A-A5F820D3ACDD}.Release|Any CPU.ActiveCfg = Release|Any CPU
		{5EF37825-675E-4F02-A26A-A5F820D3ACDD}.Release|Any CPU.Build.0 = Release|Any CPU
		{6CFE64A3-C640-4FE4-8D14-DF90A53161F5}.Debug|Any CPU.ActiveCfg = Debug|Any CPU
		{6CFE64A3-C640-4FE4-8D14-DF90A53161F5}.Debug|Any CPU.Build.0 = Debug|Any CPU
		{6CFE64A3-C640-4FE4-8D14-DF90A53161F5}.Release|Any CPU.ActiveCfg = Release|Any CPU
		{6CFE64A3-C640-4FE4-8D14-DF90A53161F5}.Release|Any CPU.Build.0 = Release|Any CPU
		{C6E3A3A6-E466-42D8-ACC8-C8DC693B498D}.Debug|Any CPU.ActiveCfg = Debug|Any CPU
		{C6E3A3A6-E466-42D8-ACC8-C8DC693B498D}.Debug|Any CPU.Build.0 = Debug|Any CPU
		{C6E3A3A6-E466-42D8-ACC8-C8DC693B498D}.Release|Any CPU.ActiveCfg = Release|Any CPU
		{C6E3A3A6-E466-42D8-ACC8-C8DC693B498D}.Release|Any CPU.Build.0 = Release|Any CPU
	EndGlobalSection
	GlobalSection(SolutionProperties) = preSolution
		HideSolutionNode = FALSE
	EndGlobalSection
	GlobalSection(ExtensibilityGlobals) = postSolution
		SolutionGuid = {19900684-7286-4C87-8587-C1EADDB61E57}
	EndGlobalSection
EndGlobal
